
Microsoft Visual Studio Solution File, Format Version 12.00
# Visual Studio Version 17
VisualStudioVersion = 17.2.32526.322
MinimumVisualStudioVersion = 10.0.40219.1
Project("{8BC9CEB8-8B4A-11D0-8D11-00A0C91BC942}") = "TestOpenSLLNative", "TestOpenSLLNative\TestOpenSLLNative.vcxproj", "{3B85880B-0F16-48D5-B34C-C8D5875BF643}"
EndProject
Project("{FAE04EC0-301F-11D3-BF4B-00C04F79EFBC}") = "TestOpenSSLNetFramework", "TestOpenSSLNetFramework\TestOpenSSLNetFramework.csproj", "{CD3B96A0-71FC-4F1D-9FE5-BBC5EB87C85E}"
EndProject
Project("{9A19103F-16F7-4668-BE54-9A1E7A4F7556}") = "TestOpenSSLNetCore", "TestOpenSSLNetCore\TestOpenSSLNetCore.csproj", "{C110CB70-0FF9-4467-B213-6F7BC9D86F87}"
EndProject
Project("{9A19103F-16F7-4668-BE54-9A1E7A4F7556}") = "TestOpenSSLNetCoreDeprecated", "TestOpenSSLNetCoreDeprecated\TestOpenSSLNetCoreDeprecated.csproj", "{EA815CE8-6135-4980-9AC0-A7EC6C5D2A12}"
EndProject
Global
	GlobalSection(SolutionConfigurationPlatforms) = preSolution
		Debug|Any CPU = Debug|Any CPU
		Debug|x64 = Debug|x64
		Debug|x86 = Debug|x86
		Release|Any CPU = Release|Any CPU
		Release|x64 = Release|x64
		Release|x86 = Release|x86
	EndGlobalSection
	GlobalSection(ProjectConfigurationPlatforms) = postSolution
		{3B85880B-0F16-48D5-B34C-C8D5875BF643}.Debug|Any CPU.ActiveCfg = Debug|x64
		{3B85880B-0F16-48D5-B34C-C8D5875BF643}.Debug|Any CPU.Build.0 = Debug|x64
		{3B85880B-0F16-48D5-B34C-C8D5875BF643}.Debug|x64.ActiveCfg = Debug|x64
		{3B85880B-0F16-48D5-B34C-C8D5875BF643}.Debug|x64.Build.0 = Debug|x64
		{3B85880B-0F16-48D5-B34C-C8D5875BF643}.Debug|x86.ActiveCfg = Debug|Win32
		{3B85880B-0F16-48D5-B34C-C8D5875BF643}.Debug|x86.Build.0 = Debug|Win32
		{3B85880B-0F16-48D5-B34C-C8D5875BF643}.Release|Any CPU.ActiveCfg = Release|x64
		{3B85880B-0F16-48D5-B34C-C8D5875BF643}.Release|Any CPU.Build.0 = Release|x64
		{3B85880B-0F16-48D5-B34C-C8D5875BF643}.Release|x64.ActiveCfg = Release|x64
		{3B85880B-0F16-48D5-B34C-C8D5875BF643}.Release|x64.Build.0 = Release|x64
		{3B85880B-0F16-48D5-B34C-C8D5875BF643}.Release|x86.ActiveCfg = Release|Win32
		{3B85880B-0F16-48D5-B34C-C8D5875BF643}.Release|x86.Build.0 = Release|Win32
		{CD3B96A0-71FC-4F1D-9FE5-BBC5EB87C85E}.Debug|Any CPU.ActiveCfg = Debug|Any CPU
		{CD3B96A0-71FC-4F1D-9FE5-BBC5EB87C85E}.Debug|Any CPU.Build.0 = Debug|Any CPU
		{CD3B96A0-71FC-4F1D-9FE5-BBC5EB87C85E}.Debug|x64.ActiveCfg = Debug|x64
		{CD3B96A0-71FC-4F1D-9FE5-BBC5EB87C85E}.Debug|x64.Build.0 = Debug|x64
		{CD3B96A0-71FC-4F1D-9FE5-BBC5EB87C85E}.Debug|x86.ActiveCfg = Debug|Any CPU
		{CD3B96A0-71FC-4F1D-9FE5-BBC5EB87C85E}.Debug|x86.Build.0 = Debug|Any CPU
		{CD3B96A0-71FC-4F1D-9FE5-BBC5EB87C85E}.Release|Any CPU.ActiveCfg = Release|Any CPU
		{CD3B96A0-71FC-4F1D-9FE5-BBC5EB87C85E}.Release|Any CPU.Build.0 = Release|Any CPU
		{CD3B96A0-71FC-4F1D-9FE5-BBC5EB87C85E}.Release|x64.ActiveCfg = Release|x64
		{CD3B96A0-71FC-4F1D-9FE5-BBC5EB87C85E}.Release|x64.Build.0 = Release|x64
		{CD3B96A0-71FC-4F1D-9FE5-BBC5EB87C85E}.Release|x86.ActiveCfg = Release|x86
		{CD3B96A0-71FC-4F1D-9FE5-BBC5EB87C85E}.Release|x86.Build.0 = Release|x86
		{C110CB70-0FF9-4467-B213-6F7BC9D86F87}.Debug|Any CPU.ActiveCfg = Debug|Any CPU
		{C110CB70-0FF9-4467-B213-6F7BC9D86F87}.Debug|Any CPU.Build.0 = Debug|Any CPU
		{C110CB70-0FF9-4467-B213-6F7BC9D86F87}.Debug|x64.ActiveCfg = Debug|Any CPU
		{C110CB70-0FF9-4467-B213-6F7BC9D86F87}.Debug|x64.Build.0 = Debug|Any CPU
		{C110CB70-0FF9-4467-B213-6F7BC9D86F87}.Debug|x86.ActiveCfg = Debug|Any CPU
		{C110CB70-0FF9-4467-B213-6F7BC9D86F87}.Debug|x86.Build.0 = Debug|Any CPU
		{C110CB70-0FF9-4467-B213-6F7BC9D86F87}.Release|Any CPU.ActiveCfg = Release|Any CPU
		{C110CB70-0FF9-4467-B213-6F7BC9D86F87}.Release|Any CPU.Build.0 = Release|Any CPU
		{C110CB70-0FF9-4467-B213-6F7BC9D86F87}.Release|x64.ActiveCfg = Release|Any CPU
		{C110CB70-0FF9-4467-B213-6F7BC9D86F87}.Release|x64.Build.0 = Release|Any CPU
		{C110CB70-0FF9-4467-B213-6F7BC9D86F87}.Release|x86.ActiveCfg = Release|Any CPU
		{C110CB70-0FF9-4467-B213-6F7BC9D86F87}.Release|x86.Build.0 = Release|Any CPU
		{EA815CE8-6135-4980-9AC0-A7EC6C5D2A12}.Debug|Any CPU.ActiveCfg = Debug|Any CPU
		{EA815CE8-6135-4980-9AC0-A7EC6C5D2A12}.Debug|Any CPU.Build.0 = Debug|Any CPU
		{EA815CE8-6135-4980-9AC0-A7EC6C5D2A12}.Debug|x64.ActiveCfg = Debug|Any CPU
		{EA815CE8-6135-4980-9AC0-A7EC6C5D2A12}.Debug|x64.Build.0 = Debug|Any CPU
		{EA815CE8-6135-4980-9AC0-A7EC6C5D2A12}.Debug|x86.ActiveCfg = Debug|Any CPU
		{EA815CE8-6135-4980-9AC0-A7EC6C5D2A12}.Debug|x86.Build.0 = Debug|Any CPU
		{EA815CE8-6135-4980-9AC0-A7EC6C5D2A12}.Release|Any CPU.ActiveCfg = Release|Any CPU
		{EA815CE8-6135-4980-9AC0-A7EC6C5D2A12}.Release|Any CPU.Build.0 = Release|Any CPU
		{EA815CE8-6135-4980-9AC0-A7EC6C5D2A12}.Release|x64.ActiveCfg = Release|Any CPU
		{EA815CE8-6135-4980-9AC0-A7EC6C5D2A12}.Release|x64.Build.0 = Release|Any CPU
		{EA815CE8-6135-4980-9AC0-A7EC6C5D2A12}.Release|x86.ActiveCfg = Release|Any CPU
		{EA815CE8-6135-4980-9AC0-A7EC6C5D2A12}.Release|x86.Build.0 = Release|Any CPU
	EndGlobalSection
	GlobalSection(SolutionProperties) = preSolution
		HideSolutionNode = FALSE
	EndGlobalSection
	GlobalSection(ExtensibilityGlobals) = postSolution
		SolutionGuid = {E5D93936-4AF5-4E15-B7A3-0135FE5C4AD9}
	EndGlobalSection
EndGlobal
